// !$*UTF8*$!
{
	archiveVersion = 1;
	classes = {
	};
	objectVersion = 51;
	objects = {

/* Begin PBXBuildFile section */
		20F7215AD6377DAB153F1CC6 /* Pods_WeatherGift.framework in Frameworks */ = {isa = PBXBuildFile; fileRef = 88101E00A113E670ECD63D45 /* Pods_WeatherGift.framework */; };
		6519325322B3DB1B00130BEF /* AppDelegate.swift in Sources */ = {isa = PBXBuildFile; fileRef = 6519325222B3DB1B00130BEF /* AppDelegate.swift */; };
		6519325822B3DB1B00130BEF /* Main.storyboard in Resources */ = {isa = PBXBuildFile; fileRef = 6519325622B3DB1B00130BEF /* Main.storyboard */; };
		6519325A22B3DB1C00130BEF /* Assets.xcassets in Resources */ = {isa = PBXBuildFile; fileRef = 6519325922B3DB1C00130BEF /* Assets.xcassets */; };
		6519325D22B3DB1C00130BEF /* LaunchScreen.storyboard in Resources */ = {isa = PBXBuildFile; fileRef = 6519325B22B3DB1C00130BEF /* LaunchScreen.storyboard */; };
		6519326522B3DC6100130BEF /* DetailVC.swift in Sources */ = {isa = PBXBuildFile; fileRef = 6519326422B3DC6100130BEF /* DetailVC.swift */; };
		6519326722B3E23600130BEF /* ListVC.swift in Sources */ = {isa = PBXBuildFile; fileRef = 6519326622B3E23600130BEF /* ListVC.swift */; };
		6519326922B3E47F00130BEF /* PageVC.swift in Sources */ = {isa = PBXBuildFile; fileRef = 6519326822B3E47F00130BEF /* PageVC.swift */; };
		65401C2C22BC12E800EF0DA3 /* DayWeatherCell.swift in Sources */ = {isa = PBXBuildFile; fileRef = 65401C2B22BC12E800EF0DA3 /* DayWeatherCell.swift */; };
		65401C2E22C0147C00EF0DA3 /* TimeInterval+Format.swift in Sources */ = {isa = PBXBuildFile; fileRef = 65401C2D22C0147C00EF0DA3 /* TimeInterval+Format.swift */; };
		65401C3022C0B9F200EF0DA3 /* HourlyWeatherCell.swift in Sources */ = {isa = PBXBuildFile; fileRef = 65401C2F22C0B9F100EF0DA3 /* HourlyWeatherCell.swift */; };
		65A0A07422B93D63005A2155 /* Constants.swift in Sources */ = {isa = PBXBuildFile; fileRef = 65A0A07322B93D63005A2155 /* Constants.swift */; };
		65BA0AB322C113630001C760 /* WeatherLocation.swift in Sources */ = {isa = PBXBuildFile; fileRef = 65BA0AB222C113630001C760 /* WeatherLocation.swift */; };
		65DBC57222B8527500B87F2B /* WeatherDetail.swift in Sources */ = {isa = PBXBuildFile; fileRef = 65DBC57122B8527500B87F2B /* WeatherDetail.swift */; };
/* End PBXBuildFile section */

/* Begin PBXFileReference section */
		31E870F4A936C8BAC021E8DA /* Pods-WeatherGift.release.xcconfig */ = {isa = PBXFileReference; includeInIndex = 1; lastKnownFileType = text.xcconfig; name = "Pods-WeatherGift.release.xcconfig"; path = "Target Support Files/Pods-WeatherGift/Pods-WeatherGift.release.xcconfig"; sourceTree = "<group>"; };
		36D937F7921642AAF93579B6 /* Pods-WeatherGift.debug.xcconfig */ = {isa = PBXFileReference; includeInIndex = 1; lastKnownFileType = text.xcconfig; name = "Pods-WeatherGift.debug.xcconfig"; path = "Target Support Files/Pods-WeatherGift/Pods-WeatherGift.debug.xcconfig"; sourceTree = "<group>"; };
		6519324F22B3DB1B00130BEF /* WeatherGift.app */ = {isa = PBXFileReference; explicitFileType = wrapper.application; includeInIndex = 0; path = WeatherGift.app; sourceTree = BUILT_PRODUCTS_DIR; };
		6519325222B3DB1B00130BEF /* AppDelegate.swift */ = {isa = PBXFileReference; lastKnownFileType = sourcecode.swift; path = AppDelegate.swift; sourceTree = "<group>"; };
		6519325722B3DB1B00130BEF /* Base */ = {isa = PBXFileReference; lastKnownFileType = file.storyboard; name = Base; path = Base.lproj/Main.storyboard; sourceTree = "<group>"; };
		6519325922B3DB1C00130BEF /* Assets.xcassets */ = {isa = PBXFileReference; lastKnownFileType = folder.assetcatalog; path = Assets.xcassets; sourceTree = "<group>"; };
		6519325C22B3DB1C00130BEF /* Base */ = {isa = PBXFileReference; lastKnownFileType = file.storyboard; name = Base; path = Base.lproj/LaunchScreen.storyboard; sourceTree = "<group>"; };
		6519325E22B3DB1C00130BEF /* Info.plist */ = {isa = PBXFileReference; lastKnownFileType = text.plist.xml; path = Info.plist; sourceTree = "<group>"; };
		6519326422B3DC6100130BEF /* DetailVC.swift */ = {isa = PBXFileReference; lastKnownFileType = sourcecode.swift; path = DetailVC.swift; sourceTree = "<group>"; };
		6519326622B3E23600130BEF /* ListVC.swift */ = {isa = PBXFileReference; lastKnownFileType = sourcecode.swift; path = ListVC.swift; sourceTree = "<group>"; };
		6519326822B3E47F00130BEF /* PageVC.swift */ = {isa = PBXFileReference; lastKnownFileType = sourcecode.swift; path = PageVC.swift; sourceTree = "<group>"; };
		65401C2B22BC12E800EF0DA3 /* DayWeatherCell.swift */ = {isa = PBXFileReference; lastKnownFileType = sourcecode.swift; path = DayWeatherCell.swift; sourceTree = "<group>"; };
		65401C2D22C0147C00EF0DA3 /* TimeInterval+Format.swift */ = {isa = PBXFileReference; lastKnownFileType = sourcecode.swift; path = "TimeInterval+Format.swift"; sourceTree = "<group>"; };
		65401C2F22C0B9F100EF0DA3 /* HourlyWeatherCell.swift */ = {isa = PBXFileReference; lastKnownFileType = sourcecode.swift; path = HourlyWeatherCell.swift; sourceTree = "<group>"; };
		65A0A07322B93D63005A2155 /* Constants.swift */ = {isa = PBXFileReference; lastKnownFileType = sourcecode.swift; path = Constants.swift; sourceTree = "<group>"; };
		65BA0AB222C113630001C760 /* WeatherLocation.swift */ = {isa = PBXFileReference; lastKnownFileType = sourcecode.swift; path = WeatherLocation.swift; sourceTree = "<group>"; };
		65DBC57122B8527500B87F2B /* WeatherDetail.swift */ = {isa = PBXFileReference; lastKnownFileType = sourcecode.swift; path = WeatherDetail.swift; sourceTree = "<group>"; };
		88101E00A113E670ECD63D45 /* Pods_WeatherGift.framework */ = {isa = PBXFileReference; explicitFileType = wrapper.framework; includeInIndex = 0; path = Pods_WeatherGift.framework; sourceTree = BUILT_PRODUCTS_DIR; };
/* End PBXFileReference section */

/* Begin PBXFrameworksBuildPhase section */
		6519324C22B3DB1B00130BEF /* Frameworks */ = {
			isa = PBXFrameworksBuildPhase;
			buildActionMask = 2147483647;
			files = (
				20F7215AD6377DAB153F1CC6 /* Pods_WeatherGift.framework in Frameworks */,
			);
			runOnlyForDeploymentPostprocessing = 0;
		};
/* End PBXFrameworksBuildPhase section */

/* Begin PBXGroup section */
		39D627B87310FC034B7D566A /* Pods */ = {
			isa = PBXGroup;
			children = (
				36D937F7921642AAF93579B6 /* Pods-WeatherGift.debug.xcconfig */,
				31E870F4A936C8BAC021E8DA /* Pods-WeatherGift.release.xcconfig */,
			);
			path = Pods;
			sourceTree = "<group>";
		};
		6519324622B3DB1B00130BEF = {
			isa = PBXGroup;
			children = (
				6519325122B3DB1B00130BEF /* WeatherGift */,
				6519325022B3DB1B00130BEF /* Products */,
				39D627B87310FC034B7D566A /* Pods */,
				F45BD8F5980057372D209E09 /* Frameworks */,
			);
			sourceTree = "<group>";
		};
		6519325022B3DB1B00130BEF /* Products */ = {
			isa = PBXGroup;
			children = (
				6519324F22B3DB1B00130BEF /* WeatherGift.app */,
			);
			name = Products;
			sourceTree = "<group>";
		};
		6519325122B3DB1B00130BEF /* WeatherGift */ = {
			isa = PBXGroup;
			children = (
				6519325222B3DB1B00130BEF /* AppDelegate.swift */,
				65BA0AB222C113630001C760 /* WeatherLocation.swift */,
				65DBC57122B8527500B87F2B /* WeatherDetail.swift */,
				6519326822B3E47F00130BEF /* PageVC.swift */,
				6519326622B3E23600130BEF /* ListVC.swift */,
				6519326422B3DC6100130BEF /* DetailVC.swift */,
				65401C2B22BC12E800EF0DA3 /* DayWeatherCell.swift */,
				65401C2F22C0B9F100EF0DA3 /* HourlyWeatherCell.swift */,
				65401C2D22C0147C00EF0DA3 /* TimeInterval+Format.swift */,
				65A0A07322B93D63005A2155 /* Constants.swift */,
				6519325622B3DB1B00130BEF /* Main.storyboard */,
				6519325922B3DB1C00130BEF /* Assets.xcassets */,
				6519325B22B3DB1C00130BEF /* LaunchScreen.storyboard */,
				6519325E22B3DB1C00130BEF /* Info.plist */,
			);
			path = WeatherGift;
			sourceTree = "<group>";
		};
		F45BD8F5980057372D209E09 /* Frameworks */ = {
			isa = PBXGroup;
			children = (
				88101E00A113E670ECD63D45 /* Pods_WeatherGift.framework */,
			);
			name = Frameworks;
			sourceTree = "<group>";
		};
/* End PBXGroup section */

/* Begin PBXNativeTarget section */
		6519324E22B3DB1B00130BEF /* WeatherGift */ = {
			isa = PBXNativeTarget;
			buildConfigurationList = 6519326122B3DB1C00130BEF /* Build configuration list for PBXNativeTarget "WeatherGift" */;
			buildPhases = (
				79A7C6034A4A122CA4D41B35 /* [CP] Check Pods Manifest.lock */,
				6519324B22B3DB1B00130BEF /* Sources */,
				6519324C22B3DB1B00130BEF /* Frameworks */,
				6519324D22B3DB1B00130BEF /* Resources */,
				008F429AD682F6ADA57ADC4E /* [CP] Embed Pods Frameworks */,
				C7F4A55C729E3F28376C37CB /* [CP] Copy Pods Resources */,
			);
			buildRules = (
			);
			dependencies = (
			);
			name = WeatherGift;
			productName = WeatherGift;
			productReference = 6519324F22B3DB1B00130BEF /* WeatherGift.app */;
			productType = "com.apple.product-type.application";
		};
/* End PBXNativeTarget section */

/* Begin PBXProject section */
		6519324722B3DB1B00130BEF /* Project object */ = {
			isa = PBXProject;
			attributes = {
				LastSwiftUpdateCheck = 1020;
				LastUpgradeCheck = 1020;
				ORGANIZATIONNAME = "Walker Vonder Haar";
				TargetAttributes = {
					6519324E22B3DB1B00130BEF = {
						CreatedOnToolsVersion = 10.2.1;
					};
				};
			};
			buildConfigurationList = 6519324A22B3DB1B00130BEF /* Build configuration list for PBXProject "WeatherGift" */;
			compatibilityVersion = "Xcode 9.3";
			developmentRegion = en;
			hasScannedForEncodings = 0;
			knownRegions = (
				en,
				Base,
			);
			mainGroup = 6519324622B3DB1B00130BEF;
			productRefGroup = 6519325022B3DB1B00130BEF /* Products */;
			projectDirPath = "";
			projectRoot = "";
			targets = (
				6519324E22B3DB1B00130BEF /* WeatherGift */,
			);
		};
/* End PBXProject section */

/* Begin PBXResourcesBuildPhase section */
		6519324D22B3DB1B00130BEF /* Resources */ = {
			isa = PBXResourcesBuildPhase;
			buildActionMask = 2147483647;
			files = (
				6519325D22B3DB1C00130BEF /* LaunchScreen.storyboard in Resources */,
				6519325A22B3DB1C00130BEF /* Assets.xcassets in Resources */,
				6519325822B3DB1B00130BEF /* Main.storyboard in Resources */,
			);
			runOnlyForDeploymentPostprocessing = 0;
		};
/* End PBXResourcesBuildPhase section */

/* Begin PBXShellScriptBuildPhase section */
		008F429AD682F6ADA57ADC4E /* [CP] Embed Pods Frameworks */ = {
			isa = PBXShellScriptBuildPhase;
			buildActionMask = 2147483647;
			files = (
			);
			inputFileListPaths = (
				"${PODS_ROOT}/Target Support Files/Pods-WeatherGift/Pods-WeatherGift-frameworks-${CONFIGURATION}-input-files.xcfilelist",
			);
			name = "[CP] Embed Pods Frameworks";
			outputFileListPaths = (
				"${PODS_ROOT}/Target Support Files/Pods-WeatherGift/Pods-WeatherGift-frameworks-${CONFIGURATION}-output-files.xcfilelist",
			);
			runOnlyForDeploymentPostprocessing = 0;
			shellPath = /bin/sh;
			shellScript = "\"${PODS_ROOT}/Target Support Files/Pods-WeatherGift/Pods-WeatherGift-frameworks.sh\"\n";
			showEnvVarsInLog = 0;
		};
		79A7C6034A4A122CA4D41B35 /* [CP] Check Pods Manifest.lock */ = {
			isa = PBXShellScriptBuildPhase;
			buildActionMask = 2147483647;
			files = (
			);
			inputFileListPaths = (
			);
			inputPaths = (
				"${PODS_PODFILE_DIR_PATH}/Podfile.lock",
				"${PODS_ROOT}/Manifest.lock",
			);
			name = "[CP] Check Pods Manifest.lock";
			outputFileListPaths = (
			);
			outputPaths = (
				"$(DERIVED_FILE_DIR)/Pods-WeatherGift-checkManifestLockResult.txt",
			);
			runOnlyForDeploymentPostprocessing = 0;
			shellPath = /bin/sh;
			shellScript = "diff \"${PODS_PODFILE_DIR_PATH}/Podfile.lock\" \"${PODS_ROOT}/Manifest.lock\" > /dev/null\nif [ $? != 0 ] ; then\n    # print error to STDERR\n    echo \"error: The sandbox is not in sync with the Podfile.lock. Run 'pod install' or update your CocoaPods installation.\" >&2\n    exit 1\nfi\n# This output is used by Xcode 'outputs' to avoid re-running this script phase.\necho \"SUCCESS\" > \"${SCRIPT_OUTPUT_FILE_0}\"\n";
			showEnvVarsInLog = 0;
		};
		C7F4A55C729E3F28376C37CB /* [CP] Copy Pods Resources */ = {
			isa = PBXShellScriptBuildPhase;
			buildActionMask = 2147483647;
			files = (
			);
			inputFileListPaths = (
				"${PODS_ROOT}/Target Support Files/Pods-WeatherGift/Pods-WeatherGift-resources-${CONFIGURATION}-input-files.xcfilelist",
			);
			name = "[CP] Copy Pods Resources";
			outputFileListPaths = (
				"${PODS_ROOT}/Target Support Files/Pods-WeatherGift/Pods-WeatherGift-resources-${CONFIGURATION}-output-files.xcfilelist",
			);
			runOnlyForDeploymentPostprocessing = 0;
			shellPath = /bin/sh;
			shellScript = "\"${PODS_ROOT}/Target Support Files/Pods-WeatherGift/Pods-WeatherGift-resources.sh\"\n";
			showEnvVarsInLog = 0;
		};
/* End PBXShellScriptBuildPhase section */

/* Begin PBXSourcesBuildPhase section */
		6519324B22B3DB1B00130BEF /* Sources */ = {
			isa = PBXSourcesBuildPhase;
			buildActionMask = 2147483647;
			files = (
				65401C2C22BC12E800EF0DA3 /* DayWeatherCell.swift in Sources */,
				65401C3022C0B9F200EF0DA3 /* HourlyWeatherCell.swift in Sources */,
				65DBC57222B8527500B87F2B /* WeatherDetail.swift in Sources */,
				6519326722B3E23600130BEF /* ListVC.swift in Sources */,
				6519326922B3E47F00130BEF /* PageVC.swift in Sources */,
				65BA0AB322C113630001C760 /* WeatherLocation.swift in Sources */,
				65401C2E22C0147C00EF0DA3 /* TimeInterval+Format.swift in Sources */,
				6519325322B3DB1B00130BEF /* AppDelegate.swift in Sources */,
				6519326522B3DC6100130BEF /* DetailVC.swift in Sources */,
				65A0A07422B93D63005A2155 /* Constants.swift in Sources */,
			);
			runOnlyForDeploymentPostprocessing = 0;
		};
/* End PBXSourcesBuildPhase section */

/* Begin PBXVariantGroup section */
		6519325622B3DB1B00130BEF /* Main.storyboard */ = {
			isa = PBXVariantGroup;
			children = (
				6519325722B3DB1B00130BEF /* Base */,
			);
			name = Main.storyboard;
			sourceTree = "<group>";
		};
		6519325B22B3DB1C00130BEF /* LaunchScreen.storyboard */ = {
			isa = PBXVariantGroup;
			children = (
				6519325C22B3DB1C00130BEF /* Base */,
			);
			name = LaunchScreen.storyboard;
			sourceTree = "<group>";
		};
/* End PBXVariantGroup section */

/* Begin XCBuildConfiguration section */
		6519325F22B3DB1C00130BEF /* Debug */ = {
			isa = XCBuildConfiguration;
			buildSettings = {
				ALWAYS_SEARCH_USER_PATHS = NO;
				CLANG_ANALYZER_NONNULL = YES;
				CLANG_ANALYZER_NUMBER_OBJECT_CONVERSION = YES_AGGRESSIVE;
				CLANG_CXX_LANGUAGE_STANDARD = "gnu++14";
				CLANG_CXX_LIBRARY = "libc++";
				CLANG_ENABLE_MODULES = YES;
				CLANG_ENABLE_OBJC_ARC = YES;
				CLANG_ENABLE_OBJC_WEAK = YES;
				CLANG_WARN_BLOCK_CAPTURE_AUTORELEASING = YES;
				CLANG_WARN_BOOL_CONVERSION = YES;
				CLANG_WARN_COMMA = YES;
				CLANG_WARN_CONSTANT_CONVERSION = YES;
				CLANG_WARN_DEPRECATED_OBJC_IMPLEMENTATIONS = YES;
				CLANG_WARN_DIRECT_OBJC_ISA_USAGE = YES_ERROR;
				CLANG_WARN_DOCUMENTATION_COMMENTS = YES;
				CLANG_WARN_EMPTY_BODY = YES;
				CLANG_WARN_ENUM_CONVERSION = YES;
				CLANG_WARN_INFINITE_RECURSION = YES;
				CLANG_WARN_INT_CONVERSION = YES;
				CLANG_WARN_NON_LITERAL_NULL_CONVERSION = YES;
				CLANG_WARN_OBJC_IMPLICIT_RETAIN_SELF = YES;
				CLANG_WARN_OBJC_LITERAL_CONVERSION = YES;
				CLANG_WARN_OBJC_ROOT_CLASS = YES_ERROR;
				CLANG_WARN_RANGE_LOOP_ANALYSIS = YES;
				CLANG_WARN_STRICT_PROTOTYPES = YES;
				CLANG_WARN_SUSPICIOUS_MOVE = YES;
				CLANG_WARN_UNGUARDED_AVAILABILITY = YES_AGGRESSIVE;
				CLANG_WARN_UNREACHABLE_CODE = YES;
				CLANG_WARN__DUPLICATE_METHOD_MATCH = YES;
				CODE_SIGN_IDENTITY = "iPhone Developer";
				COPY_PHASE_STRIP = NO;
				DEBUG_INFORMATION_FORMAT = dwarf;
				ENABLE_STRICT_OBJC_MSGSEND = YES;
				ENABLE_TESTABILITY = YES;
				GCC_C_LANGUAGE_STANDARD = gnu11;
				GCC_DYNAMIC_NO_PIC = NO;
				GCC_NO_COMMON_BLOCKS = YES;
				GCC_OPTIMIZATION_LEVEL = 0;
				GCC_PREPROCESSOR_DEFINITIONS = (
					"DEBUG=1",
					"$(inherited)",
				);
				GCC_WARN_64_TO_32_BIT_CONVERSION = YES;
				GCC_WARN_ABOUT_RETURN_TYPE = YES_ERROR;
				GCC_WARN_UNDECLARED_SELECTOR = YES;
				GCC_WARN_UNINITIALIZED_AUTOS = YES_AGGRESSIVE;
				GCC_WARN_UNUSED_FUNCTION = YES;
				GCC_WARN_UNUSED_VARIABLE = YES;
				IPHONEOS_DEPLOYMENT_TARGET = 12.2;
				MTL_ENABLE_DEBUG_INFO = INCLUDE_SOURCE;
				MTL_FAST_MATH = YES;
				ONLY_ACTIVE_ARCH = YES;
				SDKROOT = iphoneos;
				SWIFT_ACTIVE_COMPILATION_CONDITIONS = DEBUG;
				SWIFT_OPTIMIZATION_LEVEL = "-Onone";
			};
			name = Debug;
		};
		6519326022B3DB1C00130BEF /* Release */ = {
			isa = XCBuildConfiguration;
			buildSettings = {
				ALWAYS_SEARCH_USER_PATHS = NO;
				CLANG_ANALYZER_NONNULL = YES;
				CLANG_ANALYZER_NUMBER_OBJECT_CONVERSION = YES_AGGRESSIVE;
				CLANG_CXX_LANGUAGE_STANDARD = "gnu++14";
				CLANG_CXX_LIBRARY = "libc++";
				CLANG_ENABLE_MODULES = YES;
				CLANG_ENABLE_OBJC_ARC = YES;
				CLANG_ENABLE_OBJC_WEAK = YES;
				CLANG_WARN_BLOCK_CAPTURE_AUTORELEASING = YES;
				CLANG_WARN_BOOL_CONVERSION = YES;
				CLANG_WARN_COMMA = YES;
				CLANG_WARN_CONSTANT_CONVERSION = YES;
				CLANG_WARN_DEPRECATED_OBJC_IMPLEMENTATIONS = YES;
				CLANG_WARN_DIRECT_OBJC_ISA_USAGE = YES_ERROR;
				CLANG_WARN_DOCUMENTATION_COMMENTS = YES;
				CLANG_WARN_EMPTY_BODY = YES;
				CLANG_WARN_ENUM_CONVERSION = YES;
				CLANG_WARN_INFINITE_RECURSION = YES;
				CLANG_WARN_INT_CONVERSION = YES;
				CLANG_WARN_NON_LITERAL_NULL_CONVERSION = YES;
				CLANG_WARN_OBJC_IMPLICIT_RETAIN_SELF = YES;
				CLANG_WARN_OBJC_LITERAL_CONVERSION = YES;
				CLANG_WARN_OBJC_ROOT_CLASS = YES_ERROR;
				CLANG_WARN_RANGE_LOOP_ANALYSIS = YES;
				CLANG_WARN_STRICT_PROTOTYPES = YES;
				CLANG_WARN_SUSPICIOUS_MOVE = YES;
				CLANG_WARN_UNGUARDED_AVAILABILITY = YES_AGGRESSIVE;
				CLANG_WARN_UNREACHABLE_CODE = YES;
				CLANG_WARN__DUPLICATE_METHOD_MATCH = YES;
				CODE_SIGN_IDENTITY = "iPhone Developer";
				COPY_PHASE_STRIP = NO;
				DEBUG_INFORMATION_FORMAT = "dwarf-with-dsym";
				ENABLE_NS_ASSERTIONS = NO;
				ENABLE_STRICT_OBJC_MSGSEND = YES;
				GCC_C_LANGUAGE_STANDARD = gnu11;
				GCC_NO_COMMON_BLOCKS = YES;
				GCC_WARN_64_TO_32_BIT_CONVERSION = YES;
				GCC_WARN_ABOUT_RETURN_TYPE = YES_ERROR;
				GCC_WARN_UNDECLARED_SELECTOR = YES;
				GCC_WARN_UNINITIALIZED_AUTOS = YES_AGGRESSIVE;
				GCC_WARN_UNUSED_FUNCTION = YES;
				GCC_WARN_UNUSED_VARIABLE = YES;
				IPHONEOS_DEPLOYMENT_TARGET = 12.2;
				MTL_ENABLE_DEBUG_INFO = NO;
				MTL_FAST_MATH = YES;
				SDKROOT = iphoneos;
				SWIFT_COMPILATION_MODE = wholemodule;
				SWIFT_OPTIMIZATION_LEVEL = "-O";
				VALIDATE_PRODUCT = YES;
			};
			name = Release;
		};
		6519326222B3DB1C00130BEF /* Debug */ = {
			isa = XCBuildConfiguration;
			baseConfigurationReference = 36D937F7921642AAF93579B6 /* Pods-WeatherGift.debug.xcconfig */;
			buildSettings = {
				ASSETCATALOG_COMPILER_APPICON_NAME = AppIcon;
				CODE_SIGN_STYLE = Automatic;
				DEVELOPMENT_TEAM = VH3H5LRQLP;
				INFOPLIST_FILE = WeatherGift/Info.plist;
				IPHONEOS_DEPLOYMENT_TARGET = 12.0;
				LD_RUNPATH_SEARCH_PATHS = (
					"$(inherited)",
					"@executable_path/Frameworks",
				);
				PRODUCT_BUNDLE_IDENTIFIER = "Walker-Vonder-Haar.WeatherGift";
				PRODUCT_NAME = "$(TARGET_NAME)";
				SWIFT_VERSION = 5.0;
				TARGETED_DEVICE_FAMILY = "1,2";
			};
			name = Debug;
		};
		6519326322B3DB1C00130BEF /* Release */ = {
			isa = XCBuildConfiguration;
			baseConfigurationReference = 31E870F4A936C8BAC021E8DA /* Pods-WeatherGift.release.xcconfig */;
			buildSettings = {
				ASSETCATALOG_COMPILER_APPICON_NAME = AppIcon;
				CODE_SIGN_STYLE = Automatic;
				DEVELOPMENT_TEAM = VH3H5LRQLP;
				INFOPLIST_FILE = WeatherGift/Info.plist;
				IPHONEOS_DEPLOYMENT_TARGET = 12.0;
				LD_RUNPATH_SEARCH_PATHS = (
					"$(inherited)",
					"@executable_path/Frameworks",
				);
				PRODUCT_BUNDLE_IDENTIFIER = "Walker-Vonder-Haar.WeatherGift";
				PRODUCT_NAME = "$(TARGET_NAME)";
				SWIFT_VERSION = 5.0;
				TARGETED_DEVICE_FAMILY = "1,2";
			};
			name = Release;
		};
/* End XCBuildConfiguration section */

/* Begin XCConfigurationList section */
		6519324A22B3DB1B00130BEF /* Build configuration list for PBXProject "WeatherGift" */ = {
			isa = XCConfigurationList;
			buildConfigurations = (
				6519325F22B3DB1C00130BEF /* Debug */,
				6519326022B3DB1C00130BEF /* Release */,
			);
			defaultConfigurationIsVisible = 0;
			defaultConfigurationName = Release;
		};
		6519326122B3DB1C00130BEF /* Build configuration list for PBXNativeTarget "WeatherGift" */ = {
			isa = XCConfigurationList;
			buildConfigurations = (
				6519326222B3DB1C00130BEF /* Debug */,
				6519326322B3DB1C00130BEF /* Release */,
			);
			defaultConfigurationIsVisible = 0;
			defaultConfigurationName = Release;
		};
/* End XCConfigurationList section */
	};
	rootObject = 6519324722B3DB1B00130BEF /* Project object */;
}
